// !$*UTF8*$!
{
	archiveVersion = 1;
	classes = {
	};
	objectVersion = 46;
	objects = {

/* Begin PBXBuildFile section */
		1B09C78F1FA0EC9400ACA387 /* LayoutOps.framework in Frameworks */ = {isa = PBXBuildFile; fileRef = 1B09C78E1FA0EC7300ACA387 /* LayoutOps.framework */; };
		1B09C7901FA0EC9400ACA387 /* LayoutOps.framework in Embed Frameworks */ = {isa = PBXBuildFile; fileRef = 1B09C78E1FA0EC7300ACA387 /* LayoutOps.framework */; settings = {ATTRIBUTES = (CodeSignOnCopy, RemoveHeadersOnCopy, ); }; };
		1B09C7931FA0EC9400ACA387 /* GDPerformanceView.framework in Frameworks */ = {isa = PBXBuildFile; fileRef = 1B09C7881FA0EC6400ACA387 /* GDPerformanceView.framework */; };
		1B09C7941FA0EC9400ACA387 /* GDPerformanceView.framework in Embed Frameworks */ = {isa = PBXBuildFile; fileRef = 1B09C7881FA0EC6400ACA387 /* GDPerformanceView.framework */; settings = {ATTRIBUTES = (CodeSignOnCopy, RemoveHeadersOnCopy, ); }; };
		1B09C7971FA0EC9400ACA387 /* EasyPeasy.framework in Frameworks */ = {isa = PBXBuildFile; fileRef = 1B09C7751FA0EC5900ACA387 /* EasyPeasy.framework */; };
		1B09C7981FA0EC9400ACA387 /* EasyPeasy.framework in Embed Frameworks */ = {isa = PBXBuildFile; fileRef = 1B09C7751FA0EC5900ACA387 /* EasyPeasy.framework */; settings = {ATTRIBUTES = (CodeSignOnCopy, RemoveHeadersOnCopy, ); }; };
		1B09C79B1FA0EC9400ACA387 /* Atributika.framework in Frameworks */ = {isa = PBXBuildFile; fileRef = 1B09C75C1FA0EC4F00ACA387 /* Atributika.framework */; };
		1B09C79C1FA0EC9400ACA387 /* Atributika.framework in Embed Frameworks */ = {isa = PBXBuildFile; fileRef = 1B09C75C1FA0EC4F00ACA387 /* Atributika.framework */; settings = {ATTRIBUTES = (CodeSignOnCopy, RemoveHeadersOnCopy, ); }; };
		1B4654711E61900B00E9826E /* AppDelegate.swift in Sources */ = {isa = PBXBuildFile; fileRef = 1B4654701E61900B00E9826E /* AppDelegate.swift */; };
		1B4654781E61900B00E9826E /* Assets.xcassets in Resources */ = {isa = PBXBuildFile; fileRef = 1B4654771E61900B00E9826E /* Assets.xcassets */; };
		1B46547B1E61900B00E9826E /* LaunchScreen.storyboard in Resources */ = {isa = PBXBuildFile; fileRef = 1B4654791E61900B00E9826E /* LaunchScreen.storyboard */; };
		1BCD84311E656B970006CB6D /* Model.swift in Sources */ = {isa = PBXBuildFile; fileRef = 1BCD84301E656B970006CB6D /* Model.swift */; };
		1BCD84351E6586E80006CB6D /* LoremIpsum.swift in Sources */ = {isa = PBXBuildFile; fileRef = 1BCD84341E6586E80006CB6D /* LoremIpsum.swift */; };
		1BFF32911FEBC42400CA662E /* LayoutOpsViewController.swift in Sources */ = {isa = PBXBuildFile; fileRef = 1BFF328F1FEBC42400CA662E /* LayoutOpsViewController.swift */; };
		1BFF32921FEBC42400CA662E /* AutoLayoutViewController.swift in Sources */ = {isa = PBXBuildFile; fileRef = 1BFF32901FEBC42400CA662E /* AutoLayoutViewController.swift */; };
/* End PBXBuildFile section */

/* Begin PBXContainerItemProxy section */
		1B09C75B1FA0EC4F00ACA387 /* PBXContainerItemProxy */ = {
			isa = PBXContainerItemProxy;
			containerPortal = 1B09C7501FA0EC4E00ACA387 /* Atributika.xcodeproj */;
			proxyType = 2;
			remoteGlobalIDString = 52D6D97C1BEFF229002C0205;
			remoteInfo = "Atributika-iOS";
		};
		1B09C75D1FA0EC4F00ACA387 /* PBXContainerItemProxy */ = {
			isa = PBXContainerItemProxy;
			containerPortal = 1B09C7501FA0EC4E00ACA387 /* Atributika.xcodeproj */;
			proxyType = 2;
			remoteGlobalIDString = 52D6DA0F1BF000BD002C0205;
			remoteInfo = "Atributika-macOS";
		};
		1B09C75F1FA0EC4F00ACA387 /* PBXContainerItemProxy */ = {
			isa = PBXContainerItemProxy;
			containerPortal = 1B09C7501FA0EC4E00ACA387 /* Atributika.xcodeproj */;
			proxyType = 2;
			remoteGlobalIDString = 52D6D9E21BEFFF6E002C0205;
			remoteInfo = "Atributika-watchOS";
		};
		1B09C7611FA0EC4F00ACA387 /* PBXContainerItemProxy */ = {
			isa = PBXContainerItemProxy;
			containerPortal = 1B09C7501FA0EC4E00ACA387 /* Atributika.xcodeproj */;
			proxyType = 2;
			remoteGlobalIDString = 52D6D9F01BEFFFBE002C0205;
			remoteInfo = "Atributika-tvOS";
		};
		1B09C7631FA0EC4F00ACA387 /* PBXContainerItemProxy */ = {
			isa = PBXContainerItemProxy;
			containerPortal = 1B09C7501FA0EC4E00ACA387 /* Atributika.xcodeproj */;
			proxyType = 2;
			remoteGlobalIDString = 52D6D9861BEFF229002C0205;
			remoteInfo = "Atributika-iOS Tests";
		};
		1B09C7651FA0EC4F00ACA387 /* PBXContainerItemProxy */ = {
			isa = PBXContainerItemProxy;
			containerPortal = 1B09C7501FA0EC4E00ACA387 /* Atributika.xcodeproj */;
			proxyType = 2;
			remoteGlobalIDString = DD75027A1C68FCFC006590AF;
			remoteInfo = "Atributika-macOS Tests";
		};
		1B09C7671FA0EC4F00ACA387 /* PBXContainerItemProxy */ = {
			isa = PBXContainerItemProxy;
			containerPortal = 1B09C7501FA0EC4E00ACA387 /* Atributika.xcodeproj */;
			proxyType = 2;
			remoteGlobalIDString = DD75028D1C690C7A006590AF;
			remoteInfo = "Atributika-tvOS Tests";
		};
		1B09C7691FA0EC4F00ACA387 /* PBXContainerItemProxy */ = {
			isa = PBXContainerItemProxy;
			containerPortal = 1B09C7501FA0EC4E00ACA387 /* Atributika.xcodeproj */;
			proxyType = 2;
			remoteGlobalIDString = 1B2F838D1E5C98A4009AFBCA;
			remoteInfo = Demo;
		};
		1B09C7741FA0EC5900ACA387 /* PBXContainerItemProxy */ = {
			isa = PBXContainerItemProxy;
			containerPortal = 1B09C76B1FA0EC5900ACA387 /* Pods.xcodeproj */;
			proxyType = 2;
			remoteGlobalIDString = 0F042CA341E0EDD7E481974BF25F4083;
			remoteInfo = "EasyPeasy-iOS";
		};
		1B09C7761FA0EC5900ACA387 /* PBXContainerItemProxy */ = {
			isa = PBXContainerItemProxy;
			containerPortal = 1B09C76B1FA0EC5900ACA387 /* Pods.xcodeproj */;
			proxyType = 2;
			remoteGlobalIDString = E8754BABD6514D2C6D7D7150BB2D6EB8;
			remoteInfo = "EasyPeasy-macOS";
		};
		1B09C7781FA0EC5900ACA387 /* PBXContainerItemProxy */ = {
			isa = PBXContainerItemProxy;
			containerPortal = 1B09C76B1FA0EC5900ACA387 /* Pods.xcodeproj */;
			proxyType = 2;
			remoteGlobalIDString = 90A4EDA106CAAD21185B2A5D19E98370;
			remoteInfo = "Pods-Demo";
		};
		1B09C77A1FA0EC5900ACA387 /* PBXContainerItemProxy */ = {
			isa = PBXContainerItemProxy;
			containerPortal = 1B09C76B1FA0EC5900ACA387 /* Pods.xcodeproj */;
			proxyType = 2;
			remoteGlobalIDString = 1080C917E129DE796518E38F07C5EB2B;
			remoteInfo = "Pods-Demo macOS";
		};
		1B09C77C1FA0EC5900ACA387 /* PBXContainerItemProxy */ = {
			isa = PBXContainerItemProxy;
			containerPortal = 1B09C76B1FA0EC5900ACA387 /* Pods.xcodeproj */;
			proxyType = 2;
			remoteGlobalIDString = 65F84178E842CBAFFCD967EF900DCBE0;
			remoteInfo = "Pods-Tests";
		};
		1B09C77E1FA0EC5900ACA387 /* PBXContainerItemProxy */ = {
			isa = PBXContainerItemProxy;
			containerPortal = 1B09C76B1FA0EC5900ACA387 /* Pods.xcodeproj */;
			proxyType = 2;
			remoteGlobalIDString = 92A3B79F4BEDD8A24CA2FAA6835EE22A;
			remoteInfo = "Pods-Tests macOS";
		};
		1B09C7851FA0EC6400ACA387 /* PBXContainerItemProxy */ = {
			isa = PBXContainerItemProxy;
			containerPortal = 1B09C7801FA0EC6400ACA387 /* GDPerformanceView-Swift.xcodeproj */;
			proxyType = 2;
			remoteGlobalIDString = 4237B6D81E0FE22A0059FF8B;
			remoteInfo = "GDPerformanceView-Swift";
		};
		1B09C7871FA0EC6400ACA387 /* PBXContainerItemProxy */ = {
			isa = PBXContainerItemProxy;
			containerPortal = 1B09C7801FA0EC6400ACA387 /* GDPerformanceView-Swift.xcodeproj */;
			proxyType = 2;
			remoteGlobalIDString = 42C2CBE41E244D6300A96A93;
			remoteInfo = "GDPerformanceView-iOS";
		};
		1B09C78D1FA0EC7300ACA387 /* PBXContainerItemProxy */ = {
			isa = PBXContainerItemProxy;
			containerPortal = 1B09C7891FA0EC7300ACA387 /* LayoutOps.xcodeproj */;
			proxyType = 2;
			remoteGlobalIDString = 1BAD4FEB1CDF54CA00692E31;
			remoteInfo = LayoutOps;
		};
		1B09C7911FA0EC9400ACA387 /* PBXContainerItemProxy */ = {
			isa = PBXContainerItemProxy;
			containerPortal = 1B09C7891FA0EC7300ACA387 /* LayoutOps.xcodeproj */;
			proxyType = 1;
			remoteGlobalIDString = 1BAD4FEA1CDF54CA00692E31;
			remoteInfo = LayoutOps;
		};
		1B09C7951FA0EC9400ACA387 /* PBXContainerItemProxy */ = {
			isa = PBXContainerItemProxy;
			containerPortal = 1B09C7801FA0EC6400ACA387 /* GDPerformanceView-Swift.xcodeproj */;
			proxyType = 1;
			remoteGlobalIDString = 42C2CBE31E244D6300A96A93;
			remoteInfo = "GDPerformanceView-iOS";
		};
		1B09C7991FA0EC9400ACA387 /* PBXContainerItemProxy */ = {
			isa = PBXContainerItemProxy;
			containerPortal = 1B09C76B1FA0EC5900ACA387 /* Pods.xcodeproj */;
			proxyType = 1;
			remoteGlobalIDString = 9063D15D997D53407D512D46F9448E64;
			remoteInfo = "EasyPeasy-iOS";
		};
		1B09C79D1FA0EC9400ACA387 /* PBXContainerItemProxy */ = {
			isa = PBXContainerItemProxy;
			containerPortal = 1B09C7501FA0EC4E00ACA387 /* Atributika.xcodeproj */;
			proxyType = 1;
			remoteGlobalIDString = 52D6D97B1BEFF229002C0205;
			remoteInfo = "Atributika-iOS";
		};
/* End PBXContainerItemProxy section */

/* Begin PBXCopyFilesBuildPhase section */
		1B09C79F1FA0EC9400ACA387 /* Embed Frameworks */ = {
			isa = PBXCopyFilesBuildPhase;
			buildActionMask = 2147483647;
			dstPath = "";
			dstSubfolderSpec = 10;
			files = (
				1B09C79C1FA0EC9400ACA387 /* Atributika.framework in Embed Frameworks */,
				1B09C7981FA0EC9400ACA387 /* EasyPeasy.framework in Embed Frameworks */,
				1B09C7901FA0EC9400ACA387 /* LayoutOps.framework in Embed Frameworks */,
				1B09C7941FA0EC9400ACA387 /* GDPerformanceView.framework in Embed Frameworks */,
			);
			name = "Embed Frameworks";
			runOnlyForDeploymentPostprocessing = 0;
		};
/* End PBXCopyFilesBuildPhase section */

/* Begin PBXFileReference section */
		1B09C7501FA0EC4E00ACA387 /* Atributika.xcodeproj */ = {isa = PBXFileReference; lastKnownFileType = "wrapper.pb-project"; name = Atributika.xcodeproj; path = Carthage/Checkouts/Atributika/Atributika.xcodeproj; sourceTree = "<group>"; };
		1B09C76B1FA0EC5900ACA387 /* Pods.xcodeproj */ = {isa = PBXFileReference; lastKnownFileType = "wrapper.pb-project"; name = Pods.xcodeproj; path = Carthage/Checkouts/EasyPeasy/Example/Pods/Pods.xcodeproj; sourceTree = "<group>"; };
		1B09C7801FA0EC6400ACA387 /* GDPerformanceView-Swift.xcodeproj */ = {isa = PBXFileReference; lastKnownFileType = "wrapper.pb-project"; name = "GDPerformanceView-Swift.xcodeproj"; path = "Carthage/Checkouts/GDPerformanceView-Swift/GDPerformanceView-Swift.xcodeproj"; sourceTree = "<group>"; };
		1B09C7891FA0EC7300ACA387 /* LayoutOps.xcodeproj */ = {isa = PBXFileReference; lastKnownFileType = "wrapper.pb-project"; name = LayoutOps.xcodeproj; path = Carthage/Checkouts/LayoutOps/LayoutOps/LayoutOps.xcodeproj; sourceTree = "<group>"; };
		1B46546D1E61900B00E9826E /* LayoutBattle.app */ = {isa = PBXFileReference; explicitFileType = wrapper.application; includeInIndex = 0; path = LayoutBattle.app; sourceTree = BUILT_PRODUCTS_DIR; };
		1B4654701E61900B00E9826E /* AppDelegate.swift */ = {isa = PBXFileReference; lastKnownFileType = sourcecode.swift; path = AppDelegate.swift; sourceTree = "<group>"; };
		1B4654771E61900B00E9826E /* Assets.xcassets */ = {isa = PBXFileReference; lastKnownFileType = folder.assetcatalog; path = Assets.xcassets; sourceTree = "<group>"; };
		1B46547A1E61900B00E9826E /* Base */ = {isa = PBXFileReference; lastKnownFileType = file.storyboard; name = Base; path = Base.lproj/LaunchScreen.storyboard; sourceTree = "<group>"; };
		1B46547C1E61900B00E9826E /* Info.plist */ = {isa = PBXFileReference; lastKnownFileType = text.plist.xml; path = Info.plist; sourceTree = "<group>"; };
		1BCD84301E656B970006CB6D /* Model.swift */ = {isa = PBXFileReference; fileEncoding = 4; lastKnownFileType = sourcecode.swift; path = Model.swift; sourceTree = "<group>"; };
		1BCD84341E6586E80006CB6D /* LoremIpsum.swift */ = {isa = PBXFileReference; fileEncoding = 4; lastKnownFileType = sourcecode.swift; path = LoremIpsum.swift; sourceTree = "<group>"; };
		1BFF328F1FEBC42400CA662E /* LayoutOpsViewController.swift */ = {isa = PBXFileReference; fileEncoding = 4; lastKnownFileType = sourcecode.swift; path = LayoutOpsViewController.swift; sourceTree = "<group>"; };
		1BFF32901FEBC42400CA662E /* AutoLayoutViewController.swift */ = {isa = PBXFileReference; fileEncoding = 4; lastKnownFileType = sourcecode.swift; path = AutoLayoutViewController.swift; sourceTree = "<group>"; };
/* End PBXFileReference section */

/* Begin PBXFrameworksBuildPhase section */
		1B46546A1E61900B00E9826E /* Frameworks */ = {
			isa = PBXFrameworksBuildPhase;
			buildActionMask = 2147483647;
			files = (
				1B09C79B1FA0EC9400ACA387 /* Atributika.framework in Frameworks */,
				1B09C7971FA0EC9400ACA387 /* EasyPeasy.framework in Frameworks */,
				1B09C78F1FA0EC9400ACA387 /* LayoutOps.framework in Frameworks */,
				1B09C7931FA0EC9400ACA387 /* GDPerformanceView.framework in Frameworks */,
			);
			runOnlyForDeploymentPostprocessing = 0;
		};
/* End PBXFrameworksBuildPhase section */

/* Begin PBXGroup section */
		1B09C7511FA0EC4E00ACA387 /* Products */ = {
			isa = PBXGroup;
			children = (
				1B09C75C1FA0EC4F00ACA387 /* Atributika.framework */,
				1B09C75E1FA0EC4F00ACA387 /* Atributika.framework */,
				1B09C7601FA0EC4F00ACA387 /* Atributika.framework */,
				1B09C7621FA0EC4F00ACA387 /* Atributika.framework */,
				1B09C7641FA0EC4F00ACA387 /* Atributika-iOS Tests.xctest */,
				1B09C7661FA0EC4F00ACA387 /* Atributika-macOS Tests.xctest */,
				1B09C7681FA0EC4F00ACA387 /* Atributika-tvOS Tests.xctest */,
				1B09C76A1FA0EC4F00ACA387 /* Demo.app */,
			);
			name = Products;
			sourceTree = "<group>";
		};
		1B09C76C1FA0EC5900ACA387 /* Products */ = {
			isa = PBXGroup;
			children = (
				1B09C7751FA0EC5900ACA387 /* EasyPeasy.framework */,
				1B09C7771FA0EC5900ACA387 /* EasyPeasy.framework */,
				1B09C7791FA0EC5900ACA387 /* Pods_Demo.framework */,
				1B09C77B1FA0EC5900ACA387 /* Pods_Demo_macOS.framework */,
				1B09C77D1FA0EC5900ACA387 /* Pods_Tests.framework */,
				1B09C77F1FA0EC5900ACA387 /* Pods_Tests_macOS.framework */,
			);
			name = Products;
			sourceTree = "<group>";
		};
		1B09C7811FA0EC6400ACA387 /* Products */ = {
			isa = PBXGroup;
			children = (
				1B09C7861FA0EC6400ACA387 /* GDPerformanceView-Swift.app */,
				1B09C7881FA0EC6400ACA387 /* GDPerformanceView.framework */,
			);
			name = Products;
			sourceTree = "<group>";
		};
		1B09C78A1FA0EC7300ACA387 /* Products */ = {
			isa = PBXGroup;
			children = (
				1B09C78E1FA0EC7300ACA387 /* LayoutOps.framework */,
			);
			name = Products;
			sourceTree = "<group>";
		};
		1B4654641E61900B00E9826E = {
			isa = PBXGroup;
			children = (
				1B09C7891FA0EC7300ACA387 /* LayoutOps.xcodeproj */,
				1B09C7801FA0EC6400ACA387 /* GDPerformanceView-Swift.xcodeproj */,
				1B09C76B1FA0EC5900ACA387 /* Pods.xcodeproj */,
				1B09C7501FA0EC4E00ACA387 /* Atributika.xcodeproj */,
				1B46546F1E61900B00E9826E /* LayoutBattle */,
				1B46546E1E61900B00E9826E /* Products */,
				1B4654841E6193AA00E9826E /* Frameworks */,
			);
			sourceTree = "<group>";
		};
		1B46546E1E61900B00E9826E /* Products */ = {
			isa = PBXGroup;
			children = (
				1B46546D1E61900B00E9826E /* LayoutBattle.app */,
			);
			name = Products;
			sourceTree = "<group>";
		};
		1B46546F1E61900B00E9826E /* LayoutBattle */ = {
			isa = PBXGroup;
			children = (
				1BFF32931FEBC42900CA662E /* VC */,
				1BCD84301E656B970006CB6D /* Model.swift */,
				1B4654701E61900B00E9826E /* AppDelegate.swift */,
				1B4654771E61900B00E9826E /* Assets.xcassets */,
				1B4654791E61900B00E9826E /* LaunchScreen.storyboard */,
				1B46547C1E61900B00E9826E /* Info.plist */,
				1BCD84341E6586E80006CB6D /* LoremIpsum.swift */,
			);
			path = LayoutBattle;
			sourceTree = "<group>";
		};
		1B4654841E6193AA00E9826E /* Frameworks */ = {
			isa = PBXGroup;
			children = (
			);
			name = Frameworks;
			sourceTree = "<group>";
		};
		1BFF32931FEBC42900CA662E /* VC */ = {
			isa = PBXGroup;
			children = (
				1BFF32901FEBC42400CA662E /* AutoLayoutViewController.swift */,
				1BFF328F1FEBC42400CA662E /* LayoutOpsViewController.swift */,
			);
			path = VC;
			sourceTree = "<group>";
		};
/* End PBXGroup section */

/* Begin PBXNativeTarget section */
		1B46546C1E61900B00E9826E /* LayoutBattle */ = {
			isa = PBXNativeTarget;
			buildConfigurationList = 1B46547F1E61900B00E9826E /* Build configuration list for PBXNativeTarget "LayoutBattle" */;
			buildPhases = (
				1B4654691E61900B00E9826E /* Sources */,
				1B46546A1E61900B00E9826E /* Frameworks */,
				1B46546B1E61900B00E9826E /* Resources */,
				1B09C79F1FA0EC9400ACA387 /* Embed Frameworks */,
			);
			buildRules = (
			);
			dependencies = (
				1B09C7921FA0EC9400ACA387 /* PBXTargetDependency */,
				1B09C7961FA0EC9400ACA387 /* PBXTargetDependency */,
				1B09C79A1FA0EC9400ACA387 /* PBXTargetDependency */,
				1B09C79E1FA0EC9400ACA387 /* PBXTargetDependency */,
			);
			name = LayoutBattle;
			productName = LayoutBattle;
			productReference = 1B46546D1E61900B00E9826E /* LayoutBattle.app */;
			productType = "com.apple.product-type.application";
		};
/* End PBXNativeTarget section */

/* Begin PBXProject section */
		1B4654651E61900B00E9826E /* Project object */ = {
			isa = PBXProject;
			attributes = {
				LastSwiftUpdateCheck = 0820;
				LastUpgradeCheck = 0900;
				ORGANIZATIONNAME = psharanda;
				TargetAttributes = {
					1B46546C1E61900B00E9826E = {
						CreatedOnToolsVersion = 8.2.1;
						DevelopmentTeam = 3W5V93WN72;
						LastSwiftMigration = 0900;
						ProvisioningStyle = Automatic;
					};
				};
			};
			buildConfigurationList = 1B4654681E61900B00E9826E /* Build configuration list for PBXProject "LayoutBattle" */;
			compatibilityVersion = "Xcode 3.2";
			developmentRegion = English;
			hasScannedForEncodings = 0;
			knownRegions = (
				en,
				Base,
			);
			mainGroup = 1B4654641E61900B00E9826E;
			productRefGroup = 1B46546E1E61900B00E9826E /* Products */;
			projectDirPath = "";
			projectReferences = (
				{
					ProductGroup = 1B09C7511FA0EC4E00ACA387 /* Products */;
					ProjectRef = 1B09C7501FA0EC4E00ACA387 /* Atributika.xcodeproj */;
				},
				{
					ProductGroup = 1B09C7811FA0EC6400ACA387 /* Products */;
					ProjectRef = 1B09C7801FA0EC6400ACA387 /* GDPerformanceView-Swift.xcodeproj */;
				},
				{
					ProductGroup = 1B09C78A1FA0EC7300ACA387 /* Products */;
					ProjectRef = 1B09C7891FA0EC7300ACA387 /* LayoutOps.xcodeproj */;
				},
				{
					ProductGroup = 1B09C76C1FA0EC5900ACA387 /* Products */;
					ProjectRef = 1B09C76B1FA0EC5900ACA387 /* Pods.xcodeproj */;
				},
			);
			projectRoot = "";
			targets = (
				1B46546C1E61900B00E9826E /* LayoutBattle */,
			);
		};
/* End PBXProject section */

/* Begin PBXReferenceProxy section */
		1B09C75C1FA0EC4F00ACA387 /* Atributika.framework */ = {
			isa = PBXReferenceProxy;
			fileType = wrapper.framework;
			path = Atributika.framework;
			remoteRef = 1B09C75B1FA0EC4F00ACA387 /* PBXContainerItemProxy */;
			sourceTree = BUILT_PRODUCTS_DIR;
		};
		1B09C75E1FA0EC4F00ACA387 /* Atributika.framework */ = {
			isa = PBXReferenceProxy;
			fileType = wrapper.framework;
			path = Atributika.framework;
			remoteRef = 1B09C75D1FA0EC4F00ACA387 /* PBXContainerItemProxy */;
			sourceTree = BUILT_PRODUCTS_DIR;
		};
		1B09C7601FA0EC4F00ACA387 /* Atributika.framework */ = {
			isa = PBXReferenceProxy;
			fileType = wrapper.framework;
			path = Atributika.framework;
			remoteRef = 1B09C75F1FA0EC4F00ACA387 /* PBXContainerItemProxy */;
			sourceTree = BUILT_PRODUCTS_DIR;
		};
		1B09C7621FA0EC4F00ACA387 /* Atributika.framework */ = {
			isa = PBXReferenceProxy;
			fileType = wrapper.framework;
			path = Atributika.framework;
			remoteRef = 1B09C7611FA0EC4F00ACA387 /* PBXContainerItemProxy */;
			sourceTree = BUILT_PRODUCTS_DIR;
		};
		1B09C7641FA0EC4F00ACA387 /* Atributika-iOS Tests.xctest */ = {
			isa = PBXReferenceProxy;
			fileType = wrapper.cfbundle;
			path = "Atributika-iOS Tests.xctest";
			remoteRef = 1B09C7631FA0EC4F00ACA387 /* PBXContainerItemProxy */;
			sourceTree = BUILT_PRODUCTS_DIR;
		};
		1B09C7661FA0EC4F00ACA387 /* Atributika-macOS Tests.xctest */ = {
			isa = PBXReferenceProxy;
			fileType = wrapper.cfbundle;
			path = "Atributika-macOS Tests.xctest";
			remoteRef = 1B09C7651FA0EC4F00ACA387 /* PBXContainerItemProxy */;
			sourceTree = BUILT_PRODUCTS_DIR;
		};
		1B09C7681FA0EC4F00ACA387 /* Atributika-tvOS Tests.xctest */ = {
			isa = PBXReferenceProxy;
			fileType = wrapper.cfbundle;
			path = "Atributika-tvOS Tests.xctest";
			remoteRef = 1B09C7671FA0EC4F00ACA387 /* PBXContainerItemProxy */;
			sourceTree = BUILT_PRODUCTS_DIR;
		};
		1B09C76A1FA0EC4F00ACA387 /* Demo.app */ = {
			isa = PBXReferenceProxy;
			fileType = wrapper.application;
			path = Demo.app;
			remoteRef = 1B09C7691FA0EC4F00ACA387 /* PBXContainerItemProxy */;
			sourceTree = BUILT_PRODUCTS_DIR;
		};
		1B09C7751FA0EC5900ACA387 /* EasyPeasy.framework */ = {
			isa = PBXReferenceProxy;
			fileType = wrapper.framework;
			path = EasyPeasy.framework;
			remoteRef = 1B09C7741FA0EC5900ACA387 /* PBXContainerItemProxy */;
			sourceTree = BUILT_PRODUCTS_DIR;
		};
		1B09C7771FA0EC5900ACA387 /* EasyPeasy.framework */ = {
			isa = PBXReferenceProxy;
			fileType = wrapper.framework;
			path = EasyPeasy.framework;
			remoteRef = 1B09C7761FA0EC5900ACA387 /* PBXContainerItemProxy */;
			sourceTree = BUILT_PRODUCTS_DIR;
		};
		1B09C7791FA0EC5900ACA387 /* Pods_Demo.framework */ = {
			isa = PBXReferenceProxy;
			fileType = wrapper.framework;
			path = Pods_Demo.framework;
			remoteRef = 1B09C7781FA0EC5900ACA387 /* PBXContainerItemProxy */;
			sourceTree = BUILT_PRODUCTS_DIR;
		};
		1B09C77B1FA0EC5900ACA387 /* Pods_Demo_macOS.framework */ = {
			isa = PBXReferenceProxy;
			fileType = wrapper.framework;
			path = Pods_Demo_macOS.framework;
			remoteRef = 1B09C77A1FA0EC5900ACA387 /* PBXContainerItemProxy */;
			sourceTree = BUILT_PRODUCTS_DIR;
		};
		1B09C77D1FA0EC5900ACA387 /* Pods_Tests.framework */ = {
			isa = PBXReferenceProxy;
			fileType = wrapper.framework;
			path = Pods_Tests.framework;
			remoteRef = 1B09C77C1FA0EC5900ACA387 /* PBXContainerItemProxy */;
			sourceTree = BUILT_PRODUCTS_DIR;
		};
		1B09C77F1FA0EC5900ACA387 /* Pods_Tests_macOS.framework */ = {
			isa = PBXReferenceProxy;
			fileType = wrapper.framework;
			path = Pods_Tests_macOS.framework;
			remoteRef = 1B09C77E1FA0EC5900ACA387 /* PBXContainerItemProxy */;
			sourceTree = BUILT_PRODUCTS_DIR;
		};
		1B09C7861FA0EC6400ACA387 /* GDPerformanceView-Swift.app */ = {
			isa = PBXReferenceProxy;
			fileType = wrapper.application;
			path = "GDPerformanceView-Swift.app";
			remoteRef = 1B09C7851FA0EC6400ACA387 /* PBXContainerItemProxy */;
			sourceTree = BUILT_PRODUCTS_DIR;
		};
		1B09C7881FA0EC6400ACA387 /* GDPerformanceView.framework */ = {
			isa = PBXReferenceProxy;
			fileType = wrapper.framework;
			path = GDPerformanceView.framework;
			remoteRef = 1B09C7871FA0EC6400ACA387 /* PBXContainerItemProxy */;
			sourceTree = BUILT_PRODUCTS_DIR;
		};
		1B09C78E1FA0EC7300ACA387 /* LayoutOps.framework */ = {
			isa = PBXReferenceProxy;
			fileType = wrapper.framework;
			path = LayoutOps.framework;
			remoteRef = 1B09C78D1FA0EC7300ACA387 /* PBXContainerItemProxy */;
			sourceTree = BUILT_PRODUCTS_DIR;
		};
/* End PBXReferenceProxy section */

/* Begin PBXResourcesBuildPhase section */
		1B46546B1E61900B00E9826E /* Resources */ = {
			isa = PBXResourcesBuildPhase;
			buildActionMask = 2147483647;
			files = (
				1B46547B1E61900B00E9826E /* LaunchScreen.storyboard in Resources */,
				1B4654781E61900B00E9826E /* Assets.xcassets in Resources */,
			);
			runOnlyForDeploymentPostprocessing = 0;
		};
/* End PBXResourcesBuildPhase section */

/* Begin PBXSourcesBuildPhase section */
		1B4654691E61900B00E9826E /* Sources */ = {
			isa = PBXSourcesBuildPhase;
			buildActionMask = 2147483647;
			files = (
				1BCD84351E6586E80006CB6D /* LoremIpsum.swift in Sources */,
				1B4654711E61900B00E9826E /* AppDelegate.swift in Sources */,
				1BCD84311E656B970006CB6D /* Model.swift in Sources */,
				1BFF32911FEBC42400CA662E /* LayoutOpsViewController.swift in Sources */,
				1BFF32921FEBC42400CA662E /* AutoLayoutViewController.swift in Sources */,
			);
			runOnlyForDeploymentPostprocessing = 0;
		};
/* End PBXSourcesBuildPhase section */

/* Begin PBXTargetDependency section */
		1B09C7921FA0EC9400ACA387 /* PBXTargetDependency */ = {
			isa = PBXTargetDependency;
			name = LayoutOps;
			targetProxy = 1B09C7911FA0EC9400ACA387 /* PBXContainerItemProxy */;
		};
		1B09C7961FA0EC9400ACA387 /* PBXTargetDependency */ = {
			isa = PBXTargetDependency;
			name = "GDPerformanceView-iOS";
			targetProxy = 1B09C7951FA0EC9400ACA387 /* PBXContainerItemProxy */;
		};
		1B09C79A1FA0EC9400ACA387 /* PBXTargetDependency */ = {
			isa = PBXTargetDependency;
			name = "EasyPeasy-iOS";
			targetProxy = 1B09C7991FA0EC9400ACA387 /* PBXContainerItemProxy */;
		};
		1B09C79E1FA0EC9400ACA387 /* PBXTargetDependency */ = {
			isa = PBXTargetDependency;
			name = "Atributika-iOS";
			targetProxy = 1B09C79D1FA0EC9400ACA387 /* PBXContainerItemProxy */;
		};
/* End PBXTargetDependency section */

/* Begin PBXVariantGroup section */
		1B4654791E61900B00E9826E /* LaunchScreen.storyboard */ = {
			isa = PBXVariantGroup;
			children = (
				1B46547A1E61900B00E9826E /* Base */,
			);
			name = LaunchScreen.storyboard;
			sourceTree = "<group>";
		};
/* End PBXVariantGroup section */

/* Begin XCBuildConfiguration section */
		1B46547D1E61900B00E9826E /* Debug */ = {
			isa = XCBuildConfiguration;
			buildSettings = {
				ALWAYS_SEARCH_USER_PATHS = NO;
				CLANG_ANALYZER_NONNULL = YES;
				CLANG_CXX_LANGUAGE_STANDARD = "gnu++0x";
				CLANG_CXX_LIBRARY = "libc++";
				CLANG_ENABLE_MODULES = YES;
				CLANG_ENABLE_OBJC_ARC = YES;
				CLANG_WARN_BLOCK_CAPTURE_AUTORELEASING = YES;
				CLANG_WARN_BOOL_CONVERSION = YES;
				CLANG_WARN_COMMA = YES;
				CLANG_WARN_CONSTANT_CONVERSION = YES;
				CLANG_WARN_DIRECT_OBJC_ISA_USAGE = YES_ERROR;
				CLANG_WARN_DOCUMENTATION_COMMENTS = YES;
				CLANG_WARN_EMPTY_BODY = YES;
				CLANG_WARN_ENUM_CONVERSION = YES;
				CLANG_WARN_INFINITE_RECURSION = YES;
				CLANG_WARN_INT_CONVERSION = YES;
				CLANG_WARN_NON_LITERAL_NULL_CONVERSION = YES;
				CLANG_WARN_OBJC_LITERAL_CONVERSION = YES;
				CLANG_WARN_OBJC_ROOT_CLASS = YES_ERROR;
				CLANG_WARN_RANGE_LOOP_ANALYSIS = YES;
				CLANG_WARN_STRICT_PROTOTYPES = YES;
				CLANG_WARN_SUSPICIOUS_MOVE = YES;
				CLANG_WARN_UNREACHABLE_CODE = YES;
				CLANG_WARN__DUPLICATE_METHOD_MATCH = YES;
				"CODE_SIGN_IDENTITY[sdk=iphoneos*]" = "iPhone Developer";
				COPY_PHASE_STRIP = NO;
				DEBUG_INFORMATION_FORMAT = dwarf;
				ENABLE_STRICT_OBJC_MSGSEND = YES;
				ENABLE_TESTABILITY = YES;
				GCC_C_LANGUAGE_STANDARD = gnu99;
				GCC_DYNAMIC_NO_PIC = NO;
				GCC_NO_COMMON_BLOCKS = YES;
				GCC_OPTIMIZATION_LEVEL = 0;
				GCC_PREPROCESSOR_DEFINITIONS = (
					"DEBUG=1",
					"$(inherited)",
				);
				GCC_WARN_64_TO_32_BIT_CONVERSION = YES;
				GCC_WARN_ABOUT_RETURN_TYPE = YES_ERROR;
				GCC_WARN_UNDECLARED_SELECTOR = YES;
				GCC_WARN_UNINITIALIZED_AUTOS = YES_AGGRESSIVE;
				GCC_WARN_UNUSED_FUNCTION = YES;
				GCC_WARN_UNUSED_VARIABLE = YES;
				IPHONEOS_DEPLOYMENT_TARGET = 10.2;
				MTL_ENABLE_DEBUG_INFO = YES;
				ONLY_ACTIVE_ARCH = YES;
				SDKROOT = iphoneos;
				SWIFT_ACTIVE_COMPILATION_CONDITIONS = DEBUG;
				SWIFT_OPTIMIZATION_LEVEL = "-Onone";
			};
			name = Debug;
		};
		1B46547E1E61900B00E9826E /* Release */ = {
			isa = XCBuildConfiguration;
			buildSettings = {
				ALWAYS_SEARCH_USER_PATHS = NO;
				CLANG_ANALYZER_NONNULL = YES;
				CLANG_CXX_LANGUAGE_STANDARD = "gnu++0x";
				CLANG_CXX_LIBRARY = "libc++";
				CLANG_ENABLE_MODULES = YES;
				CLANG_ENABLE_OBJC_ARC = YES;
				CLANG_WARN_BLOCK_CAPTURE_AUTORELEASING = YES;
				CLANG_WARN_BOOL_CONVERSION = YES;
				CLANG_WARN_COMMA = YES;
				CLANG_WARN_CONSTANT_CONVERSION = YES;
				CLANG_WARN_DIRECT_OBJC_ISA_USAGE = YES_ERROR;
				CLANG_WARN_DOCUMENTATION_COMMENTS = YES;
				CLANG_WARN_EMPTY_BODY = YES;
				CLANG_WARN_ENUM_CONVERSION = YES;
				CLANG_WARN_INFINITE_RECURSION = YES;
				CLANG_WARN_INT_CONVERSION = YES;
				CLANG_WARN_NON_LITERAL_NULL_CONVERSION = YES;
				CLANG_WARN_OBJC_LITERAL_CONVERSION = YES;
				CLANG_WARN_OBJC_ROOT_CLASS = YES_ERROR;
				CLANG_WARN_RANGE_LOOP_ANALYSIS = YES;
				CLANG_WARN_STRICT_PROTOTYPES = YES;
				CLANG_WARN_SUSPICIOUS_MOVE = YES;
				CLANG_WARN_UNREACHABLE_CODE = YES;
				CLANG_WARN__DUPLICATE_METHOD_MATCH = YES;
				"CODE_SIGN_IDENTITY[sdk=iphoneos*]" = "iPhone Developer";
				COPY_PHASE_STRIP = NO;
				DEBUG_INFORMATION_FORMAT = "dwarf-with-dsym";
				ENABLE_NS_ASSERTIONS = NO;
				ENABLE_STRICT_OBJC_MSGSEND = YES;
				GCC_C_LANGUAGE_STANDARD = gnu99;
				GCC_NO_COMMON_BLOCKS = YES;
				GCC_WARN_64_TO_32_BIT_CONVERSION = YES;
				GCC_WARN_ABOUT_RETURN_TYPE = YES_ERROR;
				GCC_WARN_UNDECLARED_SELECTOR = YES;
				GCC_WARN_UNINITIALIZED_AUTOS = YES_AGGRESSIVE;
				GCC_WARN_UNUSED_FUNCTION = YES;
				GCC_WARN_UNUSED_VARIABLE = YES;
				IPHONEOS_DEPLOYMENT_TARGET = 10.2;
				MTL_ENABLE_DEBUG_INFO = NO;
				SDKROOT = iphoneos;
				SWIFT_OPTIMIZATION_LEVEL = "-Owholemodule";
				VALIDATE_PRODUCT = YES;
			};
			name = Release;
		};
		1B4654801E61900B00E9826E /* Debug */ = {
			isa = XCBuildConfiguration;
			buildSettings = {
				ALWAYS_EMBED_SWIFT_STANDARD_LIBRARIES = YES;
				ASSETCATALOG_COMPILER_APPICON_NAME = AppIcon;
				DEBUG_INFORMATION_FORMAT = "dwarf-with-dsym";
				DEVELOPMENT_TEAM = 3W5V93WN72;
				FRAMEWORK_SEARCH_PATHS = (
					"$(inherited)",
					"$(PROJECT_DIR)/Carthage/Build/iOS",
				);
				INFOPLIST_FILE = LayoutBattle/Info.plist;
				IPHONEOS_DEPLOYMENT_TARGET = 8.0;
				LD_RUNPATH_SEARCH_PATHS = "$(inherited) @executable_path/Frameworks";
				PRODUCT_BUNDLE_IDENTIFIER = org.psharanda.LayoutBattle;
				PRODUCT_NAME = "$(TARGET_NAME)";
				SWIFT_SWIFT3_OBJC_INFERENCE = Default;
				SWIFT_VERSION = 4.0;
			};
			name = Debug;
		};
		1B4654811E61900B00E9826E /* Release */ = {
			isa = XCBuildConfiguration;
			buildSettings = {
				ALWAYS_EMBED_SWIFT_STANDARD_LIBRARIES = YES;
				ASSETCATALOG_COMPILER_APPICON_NAME = AppIcon;
				DEVELOPMENT_TEAM = 3W5V93WN72;
				FRAMEWORK_SEARCH_PATHS = (
					"$(inherited)",
					"$(PROJECT_DIR)/Carthage/Build/iOS",
				);
				INFOPLIST_FILE = LayoutBattle/Info.plist;
				IPHONEOS_DEPLOYMENT_TARGET = 8.0;
				LD_RUNPATH_SEARCH_PATHS = "$(inherited) @executable_path/Frameworks";
				PRODUCT_BUNDLE_IDENTIFIER = org.psharanda.LayoutBattle;
				PRODUCT_NAME = "$(TARGET_NAME)";
				SWIFT_SWIFT3_OBJC_INFERENCE = Default;
				SWIFT_VERSION = 4.0;
			};
			name = Release;
		};
/* End XCBuildConfiguration section */

/* Begin XCConfigurationList section */
		1B4654681E61900B00E9826E /* Build configuration list for PBXProject "LayoutBattle" */ = {
			isa = XCConfigurationList;
			buildConfigurations = (
				1B46547D1E61900B00E9826E /* Debug */,
				1B46547E1E61900B00E9826E /* Release */,
			);
			defaultConfigurationIsVisible = 0;
			defaultConfigurationName = Release;
		};
		1B46547F1E61900B00E9826E /* Build configuration list for PBXNativeTarget "LayoutBattle" */ = {
			isa = XCConfigurationList;
			buildConfigurations = (
				1B4654801E61900B00E9826E /* Debug */,
				1B4654811E61900B00E9826E /* Release */,
			);
			defaultConfigurationIsVisible = 0;
			defaultConfigurationName = Release;
		};
/* End XCConfigurationList section */
	};
	rootObject = 1B4654651E61900B00E9826E /* Project object */;
}
